// !$*UTF8*$!
{
	archiveVersion = 1;
	classes = {
	};
	objectVersion = 60;
	objects = {

/* Begin PBXBuildFile section */
		743463202F3BA6CE006DFFE8 /* Assets.xcassets in Resources */ = {isa = PBXBuildFile; fileRef = 743463162F3BA6CE006DFFE8 /* Assets.xcassets */; };
		743463222F3BA6CE006DFFE8 /* LaunchScreen.storyboard in Resources */ = {isa = PBXBuildFile; fileRef = 7434631A2F3BA6CE006DFFE8 /* LaunchScreen.storyboard */; };
		743463232F3BA6CE006DFFE8 /* Main.storyboard in Resources */ = {isa = PBXBuildFile; fileRef = 7434631C2F3BA6CE006DFFE8 /* Main.storyboard */; };
		743463242F3BA6CE006DFFE8 /* Color+Hex.swift in Sources */ = {isa = PBXBuildFile; fileRef = 743462FB2F3BA6CE006DFFE8 /* Color+Hex.swift */; };
		743463252F3BA6CE006DFFE8 /* BoosterType.swift in Sources */ = {isa = PBXBuildFile; fileRef = 743462FD2F3BA6CE006DFFE8 /* BoosterType.swift */; };
		743463262F3BA6CE006DFFE8 /* EnergyType.swift in Sources */ = {isa = PBXBuildFile; fileRef = 743462FE2F3BA6CE006DFFE8 /* EnergyType.swift */; };
		743463272F3BA6CE006DFFE8 /* GameMode.swift in Sources */ = {isa = PBXBuildFile; fileRef = 743462FF2F3BA6CE006DFFE8 /* GameMode.swift */; };
		743463282F3BA6CE006DFFE8 /* ReactorCore.swift in Sources */ = {isa = PBXBuildFile; fileRef = 743463002F3BA6CE006DFFE8 /* ReactorCore.swift */; };
		743463292F3BA6CE006DFFE8 /* ReactorSegment.swift in Sources */ = {isa = PBXBuildFile; fileRef = 743463012F3BA6CE006DFFE8 /* ReactorSegment.swift */; };
		7434632A2F3BA6CE006DFFE8 /* ProgressService.swift in Sources */ = {isa = PBXBuildFile; fileRef = 743463032F3BA6CE006DFFE8 /* ProgressService.swift */; };
		7434632B2F3BA6CE006DFFE8 /* ChromaTheme.swift in Sources */ = {isa = PBXBuildFile; fileRef = 743463052F3BA6CE006DFFE8 /* ChromaTheme.swift */; };
		7434632C2F3BA6CE006DFFE8 /* GameViewModel.swift in Sources */ = {isa = PBXBuildFile; fileRef = 743463072F3BA6CE006DFFE8 /* GameViewModel.swift */; };
		7434632D2F3BA6CE006DFFE8 /* CheckLink.swift in Sources */ = {isa = PBXBuildFile; fileRef = 743463092F3BA6CE006DFFE8 /* CheckLink.swift */; };
		7434632E2F3BA6CE006DFFE8 /* InternetViewController.swift in Sources */ = {isa = PBXBuildFile; fileRef = 7434630A2F3BA6CE006DFFE8 /* InternetViewController.swift */; };
		7434632F2F3BA6CE006DFFE8 /* LoaderViewController.swift in Sources */ = {isa = PBXBuildFile; fileRef = 7434630B2F3BA6CE006DFFE8 /* LoaderViewController.swift */; };
		743463302F3BA6CE006DFFE8 /* GameView.swift in Sources */ = {isa = PBXBuildFile; fileRef = 7434630D2F3BA6CE006DFFE8 /* GameView.swift */; };
		743463312F3BA6CE006DFFE8 /* HowToPlayView.swift in Sources */ = {isa = PBXBuildFile; fileRef = 7434630E2F3BA6CE006DFFE8 /* HowToPlayView.swift */; };
		743463322F3BA6CE006DFFE8 /* LevelsView.swift in Sources */ = {isa = PBXBuildFile; fileRef = 7434630F2F3BA6CE006DFFE8 /* LevelsView.swift */; };
		743463332F3BA6CE006DFFE8 /* MainMenuView.swift in Sources */ = {isa = PBXBuildFile; fileRef = 743463102F3BA6CE006DFFE8 /* MainMenuView.swift */; };
		743463342F3BA6CE006DFFE8 /* OnboardingView.swift in Sources */ = {isa = PBXBuildFile; fileRef = 743463112F3BA6CE006DFFE8 /* OnboardingView.swift */; };
		743463352F3BA6CE006DFFE8 /* ReactorRingsView.swift in Sources */ = {isa = PBXBuildFile; fileRef = 743463122F3BA6CE006DFFE8 /* ReactorRingsView.swift */; };
		743463362F3BA6CE006DFFE8 /* SettingsView.swift in Sources */ = {isa = PBXBuildFile; fileRef = 743463132F3BA6CE006DFFE8 /* SettingsView.swift */; };
		743463372F3BA6CE006DFFE8 /* AppDelegate.swift in Sources */ = {isa = PBXBuildFile; fileRef = 743463152F3BA6CE006DFFE8 /* AppDelegate.swift */; };
		743463382F3BA6CE006DFFE8 /* ContentView.swift in Sources */ = {isa = PBXBuildFile; fileRef = 743463172F3BA6CE006DFFE8 /* ContentView.swift */; };
		743463392F3BA6CE006DFFE8 /* SceneDelegate.swift in Sources */ = {isa = PBXBuildFile; fileRef = 7434631D2F3BA6CE006DFFE8 /* SceneDelegate.swift */; };
		7434633A2F3BA6CE006DFFE8 /* ViewController.swift in Sources */ = {isa = PBXBuildFile; fileRef = 7434631E2F3BA6CE006DFFE8 /* ViewController.swift */; };
/* End PBXBuildFile section */

/* Begin PBXFileReference section */
		6FCA54B0FA43F237EA8DB6DC /* Pods-77ChromaCore.debug.xcconfig */ = {isa = PBXFileReference; includeInIndex = 1; lastKnownFileType = text.xcconfig; name = "Pods-77ChromaCore.debug.xcconfig"; path = "Target Support Files/Pods-77ChromaCore/Pods-77ChromaCore.debug.xcconfig"; sourceTree = "<group>"; };
		743462FB2F3BA6CE006DFFE8 /* Color+Hex.swift */ = {isa = PBXFileReference; lastKnownFileType = sourcecode.swift; path = "Color+Hex.swift"; sourceTree = "<group>"; };
		743462FD2F3BA6CE006DFFE8 /* BoosterType.swift */ = {isa = PBXFileReference; lastKnownFileType = sourcecode.swift; path = BoosterType.swift; sourceTree = "<group>"; };
		743462FE2F3BA6CE006DFFE8 /* EnergyType.swift */ = {isa = PBXFileReference; lastKnownFileType = sourcecode.swift; path = EnergyType.swift; sourceTree = "<group>"; };
		743462FF2F3BA6CE006DFFE8 /* GameMode.swift */ = {isa = PBXFileReference; lastKnownFileType = sourcecode.swift; path = GameMode.swift; sourceTree = "<group>"; };
		743463002F3BA6CE006DFFE8 /* ReactorCore.swift */ = {isa = PBXFileReference; lastKnownFileType = sourcecode.swift; path = ReactorCore.swift; sourceTree = "<group>"; };
		743463012F3BA6CE006DFFE8 /* ReactorSegment.swift */ = {isa = PBXFileReference; lastKnownFileType = sourcecode.swift; path = ReactorSegment.swift; sourceTree = "<group>"; };
		743463032F3BA6CE006DFFE8 /* ProgressService.swift */ = {isa = PBXFileReference; lastKnownFileType = sourcecode.swift; path = ProgressService.swift; sourceTree = "<group>"; };
		743463052F3BA6CE006DFFE8 /* ChromaTheme.swift */ = {isa = PBXFileReference; lastKnownFileType = sourcecode.swift; path = ChromaTheme.swift; sourceTree = "<group>"; };
		743463072F3BA6CE006DFFE8 /* GameViewModel.swift */ = {isa = PBXFileReference; lastKnownFileType = sourcecode.swift; path = GameViewModel.swift; sourceTree = "<group>"; };
		743463092F3BA6CE006DFFE8 /* CheckLink.swift */ = {isa = PBXFileReference; lastKnownFileType = sourcecode.swift; path = CheckLink.swift; sourceTree = "<group>"; };
		7434630A2F3BA6CE006DFFE8 /* InternetViewController.swift */ = {isa = PBXFileReference; lastKnownFileType = sourcecode.swift; path = InternetViewController.swift; sourceTree = "<group>"; };
		7434630B2F3BA6CE006DFFE8 /* LoaderViewController.swift */ = {isa = PBXFileReference; lastKnownFileType = sourcecode.swift; path = LoaderViewController.swift; sourceTree = "<group>"; };
		7434630D2F3BA6CE006DFFE8 /* GameView.swift */ = {isa = PBXFileReference; lastKnownFileType = sourcecode.swift; path = GameView.swift; sourceTree = "<group>"; };
		7434630E2F3BA6CE006DFFE8 /* HowToPlayView.swift */ = {isa = PBXFileReference; lastKnownFileType = sourcecode.swift; path = HowToPlayView.swift; sourceTree = "<group>"; };
		7434630F2F3BA6CE006DFFE8 /* LevelsView.swift */ = {isa = PBXFileReference; lastKnownFileType = sourcecode.swift; path = LevelsView.swift; sourceTree = "<group>"; };
		743463102F3BA6CE006DFFE8 /* MainMenuView.swift */ = {isa = PBXFileReference; lastKnownFileType = sourcecode.swift; path = MainMenuView.swift; sourceTree = "<group>"; };
		743463112F3BA6CE006DFFE8 /* OnboardingView.swift */ = {isa = PBXFileReference; lastKnownFileType = sourcecode.swift; path = OnboardingView.swift; sourceTree = "<group>"; };
		743463122F3BA6CE006DFFE8 /* ReactorRingsView.swift */ = {isa = PBXFileReference; lastKnownFileType = sourcecode.swift; path = ReactorRingsView.swift; sourceTree = "<group>"; };
		743463132F3BA6CE006DFFE8 /* SettingsView.swift */ = {isa = PBXFileReference; lastKnownFileType = sourcecode.swift; path = SettingsView.swift; sourceTree = "<group>"; };
		743463152F3BA6CE006DFFE8 /* AppDelegate.swift */ = {isa = PBXFileReference; lastKnownFileType = sourcecode.swift; path = AppDelegate.swift; sourceTree = "<group>"; };
		743463162F3BA6CE006DFFE8 /* Assets.xcassets */ = {isa = PBXFileReference; lastKnownFileType = folder.assetcatalog; path = Assets.xcassets; sourceTree = "<group>"; };
		743463172F3BA6CE006DFFE8 /* ContentView.swift */ = {isa = PBXFileReference; lastKnownFileType = sourcecode.swift; path = ContentView.swift; sourceTree = "<group>"; };
		743463182F3BA6CE006DFFE8 /* Info.plist */ = {isa = PBXFileReference; lastKnownFileType = text.plist.xml; path = Info.plist; sourceTree = "<group>"; };
		743463192F3BA6CE006DFFE8 /* Base */ = {isa = PBXFileReference; lastKnownFileType = file.storyboard; name = Base; path = Base.lproj/LaunchScreen.storyboard; sourceTree = "<group>"; };
		7434631B2F3BA6CE006DFFE8 /* Base */ = {isa = PBXFileReference; lastKnownFileType = file.storyboard; name = Base; path = Base.lproj/Main.storyboard; sourceTree = "<group>"; };
		7434631D2F3BA6CE006DFFE8 /* SceneDelegate.swift */ = {isa = PBXFileReference; lastKnownFileType = sourcecode.swift; path = SceneDelegate.swift; sourceTree = "<group>"; };
		7434631E2F3BA6CE006DFFE8 /* ViewController.swift */ = {isa = PBXFileReference; lastKnownFileType = sourcecode.swift; path = ViewController.swift; sourceTree = "<group>"; };
		74587A822F32530200356770 /* 77ChromaCore.app */ = {isa = PBXFileReference; explicitFileType = wrapper.application; includeInIndex = 0; path = 77ChromaCore.app; sourceTree = BUILT_PRODUCTS_DIR; };
		A32D13C8A329593CB084D6A5 /* Pods-77ChromaCore.release.xcconfig */ = {isa = PBXFileReference; includeInIndex = 1; lastKnownFileType = text.xcconfig; name = "Pods-77ChromaCore.release.xcconfig"; path = "Target Support Files/Pods-77ChromaCore/Pods-77ChromaCore.release.xcconfig"; sourceTree = "<group>"; };
		CA313908A7923D7521DE7002 /* Pods_77ChromaCore.framework */ = {isa = PBXFileReference; explicitFileType = wrapper.framework; includeInIndex = 0; path = Pods_77ChromaCore.framework; sourceTree = BUILT_PRODUCTS_DIR; };
/* End PBXFileReference section */

/* Begin PBXFrameworksBuildPhase section */
		74587A7F2F32530200356770 /* Frameworks */ = {
			isa = PBXFrameworksBuildPhase;
			buildActionMask = 2147483647;
			files = (
			);
			runOnlyForDeploymentPostprocessing = 0;
		};
/* End PBXFrameworksBuildPhase section */

/* Begin PBXGroup section */
		743462FC2F3BA6CE006DFFE8 /* Extensions */ = {
			isa = PBXGroup;
			children = (
				743462FB2F3BA6CE006DFFE8 /* Color+Hex.swift */,
			);
			path = Extensions;
			sourceTree = "<group>";
		};
		743463022F3BA6CE006DFFE8 /* Models */ = {
			isa = PBXGroup;
			children = (
				743462FD2F3BA6CE006DFFE8 /* BoosterType.swift */,
				743462FE2F3BA6CE006DFFE8 /* EnergyType.swift */,
				743462FF2F3BA6CE006DFFE8 /* GameMode.swift */,
				743463002F3BA6CE006DFFE8 /* ReactorCore.swift */,
				743463012F3BA6CE006DFFE8 /* ReactorSegment.swift */,
			);
			path = Models;
			sourceTree = "<group>";
		};
		743463042F3BA6CE006DFFE8 /* Services */ = {
			isa = PBXGroup;
			children = (
				743463032F3BA6CE006DFFE8 /* ProgressService.swift */,
			);
			path = Services;
			sourceTree = "<group>";
		};
		743463062F3BA6CE006DFFE8 /* Theme */ = {
			isa = PBXGroup;
			children = (
				743463052F3BA6CE006DFFE8 /* ChromaTheme.swift */,
			);
			path = Theme;
			sourceTree = "<group>";
		};
		743463082F3BA6CE006DFFE8 /* ViewModels */ = {
			isa = PBXGroup;
			children = (
				743463072F3BA6CE006DFFE8 /* GameViewModel.swift */,
			);
			path = ViewModels;
			sourceTree = "<group>";
		};
		7434630C2F3BA6CE006DFFE8 /* LoadingView */ = {
			isa = PBXGroup;
			children = (
				743463092F3BA6CE006DFFE8 /* CheckLink.swift */,
				7434630A2F3BA6CE006DFFE8 /* InternetViewController.swift */,
				7434630B2F3BA6CE006DFFE8 /* LoaderViewController.swift */,
			);
			path = LoadingView;
			sourceTree = "<group>";
		};
		743463142F3BA6CE006DFFE8 /* Views */ = {
			isa = PBXGroup;
			children = (
				7434630C2F3BA6CE006DFFE8 /* LoadingView */,
				7434630D2F3BA6CE006DFFE8 /* GameView.swift */,
				7434630E2F3BA6CE006DFFE8 /* HowToPlayView.swift */,
				7434630F2F3BA6CE006DFFE8 /* LevelsView.swift */,
				743463102F3BA6CE006DFFE8 /* MainMenuView.swift */,
				743463112F3BA6CE006DFFE8 /* OnboardingView.swift */,
				743463122F3BA6CE006DFFE8 /* ReactorRingsView.swift */,
				743463132F3BA6CE006DFFE8 /* SettingsView.swift */,
			);
			path = Views;
			sourceTree = "<group>";
		};
		7434631F2F3BA6CE006DFFE8 /* 77ChromaCore */ = {
			isa = PBXGroup;
			children = (
				743462FC2F3BA6CE006DFFE8 /* Extensions */,
				743463022F3BA6CE006DFFE8 /* Models */,
				743463042F3BA6CE006DFFE8 /* Services */,
				743463062F3BA6CE006DFFE8 /* Theme */,
				743463082F3BA6CE006DFFE8 /* ViewModels */,
				743463142F3BA6CE006DFFE8 /* Views */,
				743463152F3BA6CE006DFFE8 /* AppDelegate.swift */,
				743463162F3BA6CE006DFFE8 /* Assets.xcassets */,
				743463172F3BA6CE006DFFE8 /* ContentView.swift */,
				743463182F3BA6CE006DFFE8 /* Info.plist */,
				7434631A2F3BA6CE006DFFE8 /* LaunchScreen.storyboard */,
				7434631C2F3BA6CE006DFFE8 /* Main.storyboard */,
				7434631D2F3BA6CE006DFFE8 /* SceneDelegate.swift */,
				7434631E2F3BA6CE006DFFE8 /* ViewController.swift */,
			);
			path = 77ChromaCore;
			sourceTree = "<group>";
		};
		74587A792F32530200356770 = {
			isa = PBXGroup;
			children = (
				7434631F2F3BA6CE006DFFE8 /* 77ChromaCore */,
				74587A832F32530200356770 /* Products */,
				DF9CB5F4119538F125E04CCE /* Pods */,
				E13A729AC6D52D280F08E15E /* Frameworks */,
			);
			sourceTree = "<group>";
		};
		74587A832F32530200356770 /* Products */ = {
			isa = PBXGroup;
			children = (
				74587A822F32530200356770 /* 77ChromaCore.app */,
			);
			name = Products;
			sourceTree = "<group>";
		};
		DF9CB5F4119538F125E04CCE /* Pods */ = {
			isa = PBXGroup;
			children = (
				6FCA54B0FA43F237EA8DB6DC /* Pods-77ChromaCore.debug.xcconfig */,
				A32D13C8A329593CB084D6A5 /* Pods-77ChromaCore.release.xcconfig */,
			);
			path = Pods;
			sourceTree = "<group>";
		};
		E13A729AC6D52D280F08E15E /* Frameworks */ = {
			isa = PBXGroup;
			children = (
				CA313908A7923D7521DE7002 /* Pods_77ChromaCore.framework */,
			);
			name = Frameworks;
			sourceTree = "<group>";
		};
/* End PBXGroup section */

/* Begin PBXNativeTarget section */
		74587A812F32530200356770 /* 77ChromaCore */ = {
			isa = PBXNativeTarget;
			buildConfigurationList = 74587A952F32530400356770 /* Build configuration list for PBXNativeTarget "77ChromaCore" */;
			buildPhases = (
				BC387917B4B7DD02797033C9 /* [CP] Check Pods Manifest.lock */,
				74587A7E2F32530200356770 /* Sources */,
				74587A7F2F32530200356770 /* Frameworks */,
				74587A802F32530200356770 /* Resources */,
			);
			buildRules = (
			);
			dependencies = (
			);
			name = 77ChromaCore;
			productName = 77ChromaCore;
			productReference = 74587A822F32530200356770 /* 77ChromaCore.app */;
			productType = "com.apple.product-type.application";
		};
/* End PBXNativeTarget section */

/* Begin PBXProject section */
		74587A7A2F32530200356770 /* Project object */ = {
			isa = PBXProject;
			attributes = {
				BuildIndependentTargetsInParallel = 1;
				LastSwiftUpdateCheck = 2620;
				LastUpgradeCheck = 2620;
				TargetAttributes = {
					74587A812F32530200356770 = {
						CreatedOnToolsVersion = 26.2;
					};
				};
			};
			buildConfigurationList = 74587A7D2F32530200356770 /* Build configuration list for PBXProject "77ChromaCore" */;
			compatibilityVersion = "Xcode 15.0";
			developmentRegion = en;
			hasScannedForEncodings = 0;
			knownRegions = (
				en,
				Base,
			);
			mainGroup = 74587A792F32530200356770;
			productRefGroup = 74587A832F32530200356770 /* Products */;
			projectDirPath = "";
			projectRoot = "";
			targets = (
				74587A812F32530200356770 /* 77ChromaCore */,
			);
		};
/* End PBXProject section */

/* Begin PBXResourcesBuildPhase section */
		74587A802F32530200356770 /* Resources */ = {
			isa = PBXResourcesBuildPhase;
			buildActionMask = 2147483647;
			files = (
				743463202F3BA6CE006DFFE8 /* Assets.xcassets in Resources */,
				743463222F3BA6CE006DFFE8 /* LaunchScreen.storyboard in Resources */,
				743463232F3BA6CE006DFFE8 /* Main.storyboard in Resources */,
			);
			runOnlyForDeploymentPostprocessing = 0;
		};
/* End PBXResourcesBuildPhase section */

/* Begin PBXShellScriptBuildPhase section */
		BC387917B4B7DD02797033C9 /* [CP] Check Pods Manifest.lock */ = {
			isa = PBXShellScriptBuildPhase;
			buildActionMask = 2147483647;
			files = (
			);
			inputFileListPaths = (
			);
			inputPaths = (
				"${PODS_PODFILE_DIR_PATH}/Podfile.lock",
				"${PODS_ROOT}/Manifest.lock",
			);
			name = "[CP] Check Pods Manifest.lock";
			outputFileListPaths = (
			);
			outputPaths = (
				"$(DERIVED_FILE_DIR)/Pods-77ChromaCore-checkManifestLockResult.txt",
			);
			runOnlyForDeploymentPostprocessing = 0;
			shellPath = /bin/sh;
			shellScript = "diff \"${PODS_PODFILE_DIR_PATH}/Podfile.lock\" \"${PODS_ROOT}/Manifest.lock\" > /dev/null\nif [ $? != 0 ] ; then\n    # print error to STDERR\n    echo \"error: The sandbox is not in sync with the Podfile.lock. Run 'pod install' or update your CocoaPods installation.\" >&2\n    exit 1\nfi\n# This output is used by Xcode 'outputs' to avoid re-running this script phase.\necho \"SUCCESS\" > \"${SCRIPT_OUTPUT_FILE_0}\"\n";
			showEnvVarsInLog = 0;
		};
/* End PBXShellScriptBuildPhase section */

/* Begin PBXSourcesBuildPhase section */
		74587A7E2F32530200356770 /* Sources */ = {
			isa = PBXSourcesBuildPhase;
			buildActionMask = 2147483647;
			files = (
				743463242F3BA6CE006DFFE8 /* Color+Hex.swift in Sources */,
				743463252F3BA6CE006DFFE8 /* BoosterType.swift in Sources */,
				743463262F3BA6CE006DFFE8 /* EnergyType.swift in Sources */,
				743463272F3BA6CE006DFFE8 /* GameMode.swift in Sources */,
				743463282F3BA6CE006DFFE8 /* ReactorCore.swift in Sources */,
				743463292F3BA6CE006DFFE8 /* ReactorSegment.swift in Sources */,
				7434632A2F3BA6CE006DFFE8 /* ProgressService.swift in Sources */,
				7434632B2F3BA6CE006DFFE8 /* ChromaTheme.swift in Sources */,
				7434632C2F3BA6CE006DFFE8 /* GameViewModel.swift in Sources */,
				7434632D2F3BA6CE006DFFE8 /* CheckLink.swift in Sources */,
				7434632E2F3BA6CE006DFFE8 /* InternetViewController.swift in Sources */,
				7434632F2F3BA6CE006DFFE8 /* LoaderViewController.swift in Sources */,
				743463302F3BA6CE006DFFE8 /* GameView.swift in Sources */,
				743463312F3BA6CE006DFFE8 /* HowToPlayView.swift in Sources */,
				743463322F3BA6CE006DFFE8 /* LevelsView.swift in Sources */,
				743463332F3BA6CE006DFFE8 /* MainMenuView.swift in Sources */,
				743463342F3BA6CE006DFFE8 /* OnboardingView.swift in Sources */,
				743463352F3BA6CE006DFFE8 /* ReactorRingsView.swift in Sources */,
				743463362F3BA6CE006DFFE8 /* SettingsView.swift in Sources */,
				743463372F3BA6CE006DFFE8 /* AppDelegate.swift in Sources */,
				743463382F3BA6CE006DFFE8 /* ContentView.swift in Sources */,
				743463392F3BA6CE006DFFE8 /* SceneDelegate.swift in Sources */,
				7434633A2F3BA6CE006DFFE8 /* ViewController.swift in Sources */,
			);
			runOnlyForDeploymentPostprocessing = 0;
		};
/* End PBXSourcesBuildPhase section */

/* Begin PBXVariantGroup section */
		7434631A2F3BA6CE006DFFE8 /* LaunchScreen.storyboard */ = {
			isa = PBXVariantGroup;
			children = (
				743463192F3BA6CE006DFFE8 /* Base */,
			);
			name = LaunchScreen.storyboard;
			sourceTree = "<group>";
		};
		7434631C2F3BA6CE006DFFE8 /* Main.storyboard */ = {
			isa = PBXVariantGroup;
			children = (
				7434631B2F3BA6CE006DFFE8 /* Base */,
			);
			name = Main.storyboard;
			sourceTree = "<group>";
		};
/* End PBXVariantGroup section */

/* Begin XCBuildConfiguration section */
		74587A962F32530400356770 /* Debug */ = {
			isa = XCBuildConfiguration;
			baseConfigurationReference = 6FCA54B0FA43F237EA8DB6DC /* Pods-77ChromaCore.debug.xcconfig */;
			buildSettings = {
				ASSETCATALOG_COMPILER_APPICON_NAME = AppIcon;
				ASSETCATALOG_COMPILER_GLOBAL_ACCENT_COLOR_NAME = AccentColor;
				CODE_SIGN_STYLE = Automatic;
				CURRENT_PROJECT_VERSION = 1;
				GENERATE_INFOPLIST_FILE = YES;
				INFOPLIST_FILE = 77ChromaCore/Info.plist;
				INFOPLIST_KEY_CFBundleDisplayName = "AviCore: Chroma";
				INFOPLIST_KEY_UIApplicationSupportsIndirectInputEvents = YES;
				INFOPLIST_KEY_UILaunchStoryboardName = LaunchScreen;
				INFOPLIST_KEY_UIMainStoryboardFile = Main;
				INFOPLIST_KEY_UISupportedInterfaceOrientations = UIInterfaceOrientationPortrait;
				INFOPLIST_KEY_UISupportedInterfaceOrientations_iPad = "UIInterfaceOrientationLandscapeLeft UIInterfaceOrientationLandscapeRight UIInterfaceOrientationPortrait UIInterfaceOrientationPortraitUpsideDown";
				IPHONEOS_DEPLOYMENT_TARGET = 17;
				LD_RUNPATH_SEARCH_PATHS = (
					"$(inherited)",
					"@executable_path/Frameworks",
				);
				MARKETING_VERSION = 1.1;
				PRODUCT_BUNDLE_IDENTIFIER = com.nhu.3v8c2r7chr9m2;
				PRODUCT_NAME = "$(TARGET_NAME)";
				STRING_CATALOG_GENERATE_SYMBOLS = YES;
				SUPPORTED_PLATFORMS = "iphoneos iphonesimulator";
				SUPPORTS_MACCATALYST = NO;
				SUPPORTS_MAC_DESIGNED_FOR_IPHONE_IPAD = NO;
				SUPPORTS_XR_DESIGNED_FOR_IPHONE_IPAD = NO;
				SWIFT_APPROACHABLE_CONCURRENCY = YES;
				SWIFT_DEFAULT_ACTOR_ISOLATION = MainActor;
				SWIFT_EMIT_LOC_STRINGS = YES;
				SWIFT_UPCOMING_FEATURE_MEMBER_IMPORT_VISIBILITY = YES;
				SWIFT_VERSION = 5.0;
				TARGETED_DEVICE_FAMILY = 1;
			};
			name = Debug;
		};
		74587A972F32530400356770 /* Release */ = {
			isa = XCBuildConfiguration;
			baseConfigurationReference = A32D13C8A329593CB084D6A5 /* Pods-77ChromaCore.release.xcconfig */;
			buildSettings = {
				ASSETCATALOG_COMPILER_APPICON_NAME = AppIcon;
				ASSETCATALOG_COMPILER_GLOBAL_ACCENT_COLOR_NAME = AccentColor;
				CODE_SIGN_STYLE = Automatic;
				CURRENT_PROJECT_VERSION = 1;
				GENERATE_INFOPLIST_FILE = YES;
				INFOPLIST_FILE = 77ChromaCore/Info.plist;
				INFOPLIST_KEY_CFBundleDisplayName = "AviCore: Chroma";
				INFOPLIST_KEY_UIApplicationSupportsIndirectInputEvents = YES;
				INFOPLIST_KEY_UILaunchStoryboardName = LaunchScreen;
				INFOPLIST_KEY_UIMainStoryboardFile = Main;
				INFOPLIST_KEY_UISupportedInterfaceOrientations = UIInterfaceOrientationPortrait;
				INFOPLIST_KEY_UISupportedInterfaceOrientations_iPad = "UIInterfaceOrientationLandscapeLeft UIInterfaceOrientationLandscapeRight UIInterfaceOrientationPortrait UIInterfaceOrientationPortraitUpsideDown";
				IPHONEOS_DEPLOYMENT_TARGET = 17;
				LD_RUNPATH_SEARCH_PATHS = (
					"$(inherited)",
					"@executable_path/Frameworks",
				);
				MARKETING_VERSION = 1.1;
				PRODUCT_BUNDLE_IDENTIFIER = com.nhu.3v8c2r7chr9m2;
				PRODUCT_NAME = "$(TARGET_NAME)";
				STRING_CATALOG_GENERATE_SYMBOLS = YES;
				SUPPORTED_PLATFORMS = "iphoneos iphonesimulator";
				SUPPORTS_MACCATALYST = NO;
				SUPPORTS_MAC_DESIGNED_FOR_IPHONE_IPAD = NO;
				SUPPORTS_XR_DESIGNED_FOR_IPHONE_IPAD = NO;
				SWIFT_APPROACHABLE_CONCURRENCY = YES;
				SWIFT_DEFAULT_ACTOR_ISOLATION = MainActor;
				SWIFT_EMIT_LOC_STRINGS = YES;
				SWIFT_UPCOMING_FEATURE_MEMBER_IMPORT_VISIBILITY = YES;
				SWIFT_VERSION = 5.0;
				TARGETED_DEVICE_FAMILY = 1;
			};
			name = Release;
		};
		74587A982F32530400356770 /* Debug */ = {
			isa = XCBuildConfiguration;
			buildSettings = {
				ALWAYS_SEARCH_USER_PATHS = NO;
				ASSETCATALOG_COMPILER_GENERATE_SWIFT_ASSET_SYMBOL_EXTENSIONS = YES;
				CLANG_ANALYZER_NONNULL = YES;
				CLANG_ANALYZER_NUMBER_OBJECT_CONVERSION = YES_AGGRESSIVE;
				CLANG_CXX_LANGUAGE_STANDARD = "gnu++20";
				CLANG_ENABLE_MODULES = YES;
				CLANG_ENABLE_OBJC_ARC = YES;
				CLANG_ENABLE_OBJC_WEAK = YES;
				CLANG_WARN_BLOCK_CAPTURE_AUTORELEASING = YES;
				CLANG_WARN_BOOL_CONVERSION = YES;
				CLANG_WARN_COMMA = YES;
				CLANG_WARN_CONSTANT_CONVERSION = YES;
				CLANG_WARN_DEPRECATED_OBJC_IMPLEMENTATIONS = YES;
				CLANG_WARN_DIRECT_OBJC_ISA_USAGE = YES_ERROR;
				CLANG_WARN_DOCUMENTATION_COMMENTS = YES;
				CLANG_WARN_EMPTY_BODY = YES;
				CLANG_WARN_ENUM_CONVERSION = YES;
				CLANG_WARN_INFINITE_RECURSION = YES;
				CLANG_WARN_INT_CONVERSION = YES;
				CLANG_WARN_NON_LITERAL_NULL_CONVERSION = YES;
				CLANG_WARN_OBJC_IMPLICIT_RETAIN_SELF = YES;
				CLANG_WARN_OBJC_LITERAL_CONVERSION = YES;
				CLANG_WARN_OBJC_ROOT_CLASS = YES_ERROR;
				CLANG_WARN_QUOTED_INCLUDE_IN_FRAMEWORK_HEADER = YES;
				CLANG_WARN_RANGE_LOOP_ANALYSIS = YES;
				CLANG_WARN_STRICT_PROTOTYPES = YES;
				CLANG_WARN_SUSPICIOUS_MOVE = YES;
				CLANG_WARN_UNGUARDED_AVAILABILITY = YES_AGGRESSIVE;
				CLANG_WARN_UNREACHABLE_CODE = YES;
				CLANG_WARN__DUPLICATE_METHOD_MATCH = YES;
				COPY_PHASE_STRIP = NO;
				DEBUG_INFORMATION_FORMAT = dwarf;
				ENABLE_STRICT_OBJC_MSGSEND = YES;
				ENABLE_TESTABILITY = YES;
				ENABLE_USER_SCRIPT_SANDBOXING = YES;
				GCC_C_LANGUAGE_STANDARD = gnu17;
				GCC_DYNAMIC_NO_PIC = NO;
				GCC_NO_COMMON_BLOCKS = YES;
				GCC_OPTIMIZATION_LEVEL = 0;
				GCC_PREPROCESSOR_DEFINITIONS = (
					"DEBUG=1",
					"$(inherited)",
				);
				GCC_WARN_64_TO_32_BIT_CONVERSION = YES;
				GCC_WARN_ABOUT_RETURN_TYPE = YES_ERROR;
				GCC_WARN_UNDECLARED_SELECTOR = YES;
				GCC_WARN_UNINITIALIZED_AUTOS = YES_AGGRESSIVE;
				GCC_WARN_UNUSED_FUNCTION = YES;
				GCC_WARN_UNUSED_VARIABLE = YES;
				IPHONEOS_DEPLOYMENT_TARGET = 26.2;
				LOCALIZATION_PREFERS_STRING_CATALOGS = YES;
				MTL_ENABLE_DEBUG_INFO = INCLUDE_SOURCE;
				MTL_FAST_MATH = YES;
				ONLY_ACTIVE_ARCH = YES;
				SDKROOT = iphoneos;
				SWIFT_ACTIVE_COMPILATION_CONDITIONS = "DEBUG $(inherited)";
				SWIFT_OPTIMIZATION_LEVEL = "-Onone";
			};
			name = Debug;
		};
		74587A992F32530400356770 /* Release */ = {
			isa = XCBuildConfiguration;
			buildSettings = {
				ALWAYS_SEARCH_USER_PATHS = NO;
				ASSETCATALOG_COMPILER_GENERATE_SWIFT_ASSET_SYMBOL_EXTENSIONS = YES;
				CLANG_ANALYZER_NONNULL = YES;
				CLANG_ANALYZER_NUMBER_OBJECT_CONVERSION = YES_AGGRESSIVE;
				CLANG_CXX_LANGUAGE_STANDARD = "gnu++20";
				CLANG_ENABLE_MODULES = YES;
				CLANG_ENABLE_OBJC_ARC = YES;
				CLANG_ENABLE_OBJC_WEAK = YES;
				CLANG_WARN_BLOCK_CAPTURE_AUTORELEASING = YES;
				CLANG_WARN_BOOL_CONVERSION = YES;
				CLANG_WARN_COMMA = YES;
				CLANG_WARN_CONSTANT_CONVERSION = YES;
				CLANG_WARN_DEPRECATED_OBJC_IMPLEMENTATIONS = YES;
				CLANG_WARN_DIRECT_OBJC_ISA_USAGE = YES_ERROR;
				CLANG_WARN_DOCUMENTATION_COMMENTS = YES;
				CLANG_WARN_EMPTY_BODY = YES;
				CLANG_WARN_ENUM_CONVERSION = YES;
				CLANG_WARN_INFINITE_RECURSION = YES;
				CLANG_WARN_INT_CONVERSION = YES;
				CLANG_WARN_NON_LITERAL_NULL_CONVERSION = YES;
				CLANG_WARN_OBJC_IMPLICIT_RETAIN_SELF = YES;
				CLANG_WARN_OBJC_LITERAL_CONVERSION = YES;
				CLANG_WARN_OBJC_ROOT_CLASS = YES_ERROR;
				CLANG_WARN_QUOTED_INCLUDE_IN_FRAMEWORK_HEADER = YES;
				CLANG_WARN_RANGE_LOOP_ANALYSIS = YES;
				CLANG_WARN_STRICT_PROTOTYPES = YES;
				CLANG_WARN_SUSPICIOUS_MOVE = YES;
				CLANG_WARN_UNGUARDED_AVAILABILITY = YES_AGGRESSIVE;
				CLANG_WARN_UNREACHABLE_CODE = YES;
				CLANG_WARN__DUPLICATE_METHOD_MATCH = YES;
				COPY_PHASE_STRIP = NO;
				DEBUG_INFORMATION_FORMAT = "dwarf-with-dsym";
				ENABLE_NS_ASSERTIONS = NO;
				ENABLE_STRICT_OBJC_MSGSEND = YES;
				ENABLE_USER_SCRIPT_SANDBOXING = YES;
				GCC_C_LANGUAGE_STANDARD = gnu17;
				GCC_NO_COMMON_BLOCKS = YES;
				GCC_WARN_64_TO_32_BIT_CONVERSION = YES;
				GCC_WARN_ABOUT_RETURN_TYPE = YES_ERROR;
				GCC_WARN_UNDECLARED_SELECTOR = YES;
				GCC_WARN_UNINITIALIZED_AUTOS = YES_AGGRESSIVE;
				GCC_WARN_UNUSED_FUNCTION = YES;
				GCC_WARN_UNUSED_VARIABLE = YES;
				IPHONEOS_DEPLOYMENT_TARGET = 26.2;
				LOCALIZATION_PREFERS_STRING_CATALOGS = YES;
				MTL_ENABLE_DEBUG_INFO = NO;
				MTL_FAST_MATH = YES;
				SDKROOT = iphoneos;
				SWIFT_COMPILATION_MODE = wholemodule;
				VALIDATE_PRODUCT = YES;
			};
			name = Release;
		};
/* End XCBuildConfiguration section */

/* Begin XCConfigurationList section */
		74587A7D2F32530200356770 /* Build configuration list for PBXProject "77ChromaCore" */ = {
			isa = XCConfigurationList;
			buildConfigurations = (
				74587A982F32530400356770 /* Debug */,
				74587A992F32530400356770 /* Release */,
			);
			defaultConfigurationIsVisible = 0;
			defaultConfigurationName = Release;
		};
		74587A952F32530400356770 /* Build configuration list for PBXNativeTarget "77ChromaCore" */ = {
			isa = XCConfigurationList;
			buildConfigurations = (
				74587A962F32530400356770 /* Debug */,
				74587A972F32530400356770 /* Release */,
			);
			defaultConfigurationIsVisible = 0;
			defaultConfigurationName = Release;
		};
/* End XCConfigurationList section */
	};
	rootObject = 74587A7A2F32530200356770 /* Project object */;
}
